{
  "requires": true,
  "lockfileVersion": 1,
  "dependencies": {
    "@microsoft/microsoft-graph-types": {
      "version": "1.5.0",
      "resolved": "https://registry.npmjs.org/@microsoft/microsoft-graph-types/-/microsoft-graph-types-1.5.0.tgz",
      "integrity": "sha512-eit9LMlhHLyzCByATGL8d7izWNRVBlzrPMfXqy2a9qIVUUNIGxyqkGJNrpEh3EVDXW2r+/ASsBAqzHkm8zWJiQ==",
      "dev": true
    }
  }
}
