
Microsoft Visual Studio Solution File, Format Version 12.00
# Visual Studio 15
VisualStudioVersion = 15.0.27130.2020
MinimumVisualStudioVersion = 10.0.40219.1
Project("{FAE04EC0-301F-11D3-BF4B-00C04F79EFBC}") = "SharePointPnP.LobScenario.Web", "SharePointPnP.LobScenario.Web\SharePointPnP.LobScenario.Web.csproj", "{B427AA29-FB38-4521-9AFF-28C2AB7F3E3E}"
EndProject
Project("{FAE04EC0-301F-11D3-BF4B-00C04F79EFBC}") = "SharePointPnP.LobScenario.Data", "SharePointPnP.LobScenario.Data\SharePointPnP.LobScenario.Data.csproj", "{CDCF4E00-C10F-46E3-A64B-E2FA93A97C08}"
EndProject
Global
	GlobalSection(SolutionConfigurationPlatforms) = preSolution
		Debug|Any CPU = Debug|Any CPU
		Release|Any CPU = Release|Any CPU
	EndGlobalSection
	GlobalSection(ProjectConfigurationPlatforms) = postSolution
		{B427AA29-FB38-4521-9AFF-28C2AB7F3E3E}.Debug|Any CPU.ActiveCfg = Debug|Any CPU
		{B427AA29-FB38-4521-9AFF-28C2AB7F3E3E}.Debug|Any CPU.Build.0 = Debug|Any CPU
		{B427AA29-FB38-4521-9AFF-28C2AB7F3E3E}.Release|Any CPU.ActiveCfg = Release|Any CPU
		{B427AA29-FB38-4521-9AFF-28C2AB7F3E3E}.Release|Any CPU.Build.0 = Release|Any CPU
		{CDCF4E00-C10F-46E3-A64B-E2FA93A97C08}.Debug|Any CPU.ActiveCfg = Debug|Any CPU
		{CDCF4E00-C10F-46E3-A64B-E2FA93A97C08}.Debug|Any CPU.Build.0 = Debug|Any CPU
		{CDCF4E00-C10F-46E3-A64B-E2FA93A97C08}.Release|Any CPU.ActiveCfg = Release|Any CPU
		{CDCF4E00-C10F-46E3-A64B-E2FA93A97C08}.Release|Any CPU.Build.0 = Release|Any CPU
	EndGlobalSection
	GlobalSection(SolutionProperties) = preSolution
		HideSolutionNode = FALSE
	EndGlobalSection
	GlobalSection(ExtensibilityGlobals) = postSolution
		SolutionGuid = {F2C449B7-857A-4C56-84D8-59CF3D48EABF}
	EndGlobalSection
EndGlobal
