
Microsoft Visual Studio Solution File, Format Version 12.00
# Visual Studio Version 16
VisualStudioVersion = 16.0.29519.87
MinimumVisualStudioVersion = 10.0.40219.1
Project("{9A19103F-16F7-4668-BE54-9A1E7A4F7556}") = "SharePointPnP.LobScenario", "SharePointPnP.LobScenario.csproj", "{CC02B119-8511-4975-868A-F5248CD6C861}"
EndProject
Global
	GlobalSection(SolutionConfigurationPlatforms) = preSolution
		Debug|Any CPU = Debug|Any CPU
		Release|Any CPU = Release|Any CPU
	EndGlobalSection
	GlobalSection(ProjectConfigurationPlatforms) = postSolution
		{CC02B119-8511-4975-868A-F5248CD6C861}.Debug|Any CPU.ActiveCfg = Debug|Any CPU
		{CC02B119-8511-4975-868A-F5248CD6C861}.Debug|Any CPU.Build.0 = Debug|Any CPU
		{CC02B119-8511-4975-868A-F5248CD6C861}.Release|Any CPU.ActiveCfg = Release|Any CPU
		{CC02B119-8511-4975-868A-F5248CD6C861}.Release|Any CPU.Build.0 = Release|Any CPU
	EndGlobalSection
	GlobalSection(SolutionProperties) = preSolution
		HideSolutionNode = FALSE
	EndGlobalSection
	GlobalSection(ExtensibilityGlobals) = postSolution
		SolutionGuid = {6289362E-6162-4286-AECC-14C70C914E2B}
	EndGlobalSection
EndGlobal
